
Microsoft Visual Studio Solution File, Format Version 12.00
# Visual Studio Version 17
VisualStudioVersion = 17.5.33424.131
MinimumVisualStudioVersion = 10.0.40219.1
Project("{FAE04EC0-301F-11D3-BF4B-00C04F79EFBC}") = "HelloWorld", "HelloWorld.csproj", "{08760B1A-CB61-4CA8-9005-BC61DE4B93A7}"
EndProject
Global
	GlobalSection(SolutionConfigurationPlatforms) = preSolution
		Debug|Any CPU = Debug|Any CPU
		Release|Any CPU = Release|Any CPU
	EndGlobalSection
	GlobalSection(ProjectConfigurationPlatforms) = postSolution
		{08760B1A-CB61-4CA8-9005-BC61DE4B93A7}.Debug|Any CPU.ActiveCfg = Debug|Any CPU
		{08760B1A-CB61-4CA8-9005-BC61DE4B93A7}.Debug|Any CPU.Build.0 = Debug|Any CPU
		{08760B1A-CB61-4CA8-9005-BC61DE4B93A7}.Release|Any CPU.ActiveCfg = Release|Any CPU
		{08760B1A-CB61-4CA8-9005-BC61DE4B93A7}.Release|Any CPU.Build.0 = Release|Any CPU
	EndGlobalSection
	GlobalSection(SolutionProperties) = preSolution
		HideSolutionNode = FALSE
	EndGlobalSection
	GlobalSection(ExtensibilityGlobals) = postSolution
		SolutionGuid = {29AE4D52-7519-43DF-B778-6FC22600FC6F}
	EndGlobalSection
EndGlobal
