
Microsoft Visual Studio Solution File, Format Version 12.00
# Visual Studio Version 17
VisualStudioVersion = 17.5.33424.131
MinimumVisualStudioVersion = 10.0.40219.1
Project("{FAE04EC0-301F-11D3-BF4B-00C04F79EFBC}") = "Teste", "Teste.csproj", "{A2D79230-E185-4F44-98DF-91AA8EBFFBB1}"
EndProject
Global
	GlobalSection(SolutionConfigurationPlatforms) = preSolution
		Debug|Any CPU = Debug|Any CPU
		Release|Any CPU = Release|Any CPU
	EndGlobalSection
	GlobalSection(ProjectConfigurationPlatforms) = postSolution
		{A2D79230-E185-4F44-98DF-91AA8EBFFBB1}.Debug|Any CPU.ActiveCfg = Debug|Any CPU
		{A2D79230-E185-4F44-98DF-91AA8EBFFBB1}.Debug|Any CPU.Build.0 = Debug|Any CPU
		{A2D79230-E185-4F44-98DF-91AA8EBFFBB1}.Release|Any CPU.ActiveCfg = Release|Any CPU
		{A2D79230-E185-4F44-98DF-91AA8EBFFBB1}.Release|Any CPU.Build.0 = Release|Any CPU
	EndGlobalSection
	GlobalSection(SolutionProperties) = preSolution
		HideSolutionNode = FALSE
	EndGlobalSection
	GlobalSection(ExtensibilityGlobals) = postSolution
		SolutionGuid = {058589E6-A70C-4992-B4F7-608F2CBE9443}
	EndGlobalSection
EndGlobal
